
Microsoft Visual Studio Solution File, Format Version 12.00
# Visual Studio Version 17
VisualStudioVersion = 17.14.36127.28 d17.14
MinimumVisualStudioVersion = 10.0.40219.1
Project("{FAE04EC0-301F-11D3-BF4B-00C04F79EFBC}") = "Constructor", "Constructor\Constructor.csproj", "{DA868FA2-710F-413C-B8FF-D8136CB89FA8}"
EndProject
Global
	GlobalSection(SolutionConfigurationPlatforms) = preSolution
		Debug|Any CPU = Debug|Any CPU
		Release|Any CPU = Release|Any CPU
	EndGlobalSection
	GlobalSection(ProjectConfigurationPlatforms) = postSolution
		{DA868FA2-710F-413C-B8FF-D8136CB89FA8}.Debug|Any CPU.ActiveCfg = Debug|Any CPU
		{DA868FA2-710F-413C-B8FF-D8136CB89FA8}.Debug|Any CPU.Build.0 = Debug|Any CPU
		{DA868FA2-710F-413C-B8FF-D8136CB89FA8}.Release|Any CPU.ActiveCfg = Release|Any CPU
		{DA868FA2-710F-413C-B8FF-D8136CB89FA8}.Release|Any CPU.Build.0 = Release|Any CPU
	EndGlobalSection
	GlobalSection(SolutionProperties) = preSolution
		HideSolutionNode = FALSE
	EndGlobalSection
	GlobalSection(ExtensibilityGlobals) = postSolution
		SolutionGuid = {F3EFF71D-7ED5-4840-8EF5-44913C32B120}
	EndGlobalSection
EndGlobal
